schema: '2.0'
stages:
  prepare:
    cmd: python src/prepare.py
    deps:
    - path: src/prepare.py
      hash: md5
      md5: 4edac022eeae5fb8c0b0acb0250cc2d2
      size: 631
    outs:
    - path: data/raw
      hash: md5
      md5: df732cbf70a7f29924e8db6921a84db1.dir
      size: 54951020
      nfiles: 2
  preprocess:
    cmd: python src/preprocess.py
    deps:
    - path: data/raw
      hash: md5
      md5: df732cbf70a7f29924e8db6921a84db1.dir
      size: 54951020
      nfiles: 2
    - path: src/preprocess.py
      hash: md5
      md5: e9985aea8cfead916786ad959a0e7e8f
      size: 1367
    params:
      params.yaml:
        preprocess.seed: 42
        preprocess.test_size: 0.1
    outs:
    - path: data/processed
      hash: md5
      md5: e16457ea1cee366d2cefc3128aebfd44.dir
      size: 219591530
      nfiles: 3
  train:
    cmd: python src/train.py
    deps:
    - path: data/processed
      hash: md5
      md5: 362941541dcf2a7f080656dcc700502c.dir
      size: 219591530
      nfiles: 3
    - path: src/train.py
      hash: md5
      md5: 023b350cd045a4a5bbd07f95b7a707bd
      size: 1472
    params:
      params.yaml:
        train.batch_size: 32
        train.dense_units: 256
        train.dropout_rate: 0.3
        train.epochs: 15
        train.learning_rate: 0.001
    outs:
    - path: models/history.csv
      hash: md5
      md5: ff6adf501b66b772f662f306a8b0ad73
      size: 1199
    - path: models/model.h5
      hash: md5
      md5: 5a12f84b2ad06802df4bdce9e19e8bd5
      size: 2466904
  evaluate:
    cmd: python src/evaluate.py
    deps:
    - path: data/processed
      hash: md5
      md5: 362941541dcf2a7f080656dcc700502c.dir
      size: 219591530
      nfiles: 3
    - path: models/model.h5
      hash: md5
      md5: 5a12f84b2ad06802df4bdce9e19e8bd5
      size: 2466904
    - path: src/evaluate.py
      hash: md5
      md5: 0de9360d256482bc3dbac82e36148889
      size: 1447
    outs:
    - path: confusion_matrix.png
      hash: md5
      md5: 7ac2c7ebab9eb4bf19d2689b85baa2f7
      size: 59665
    - path: metrics.json
      hash: md5
      md5: ebdd4da3d2a9271a476a94170f74c6d7
      size: 79
